
Microsoft Visual Studio Solution File, Format Version 12.00
# Visual Studio Version 16
VisualStudioVersion = 16.0.30503.244
MinimumVisualStudioVersion = 10.0.40219.1
Project("{FAE04EC0-301F-11D3-BF4B-00C04F79EFBC}") = "laboratorio1_Consola_Rojas", "laboratorio1_Consola_Rojas.csproj", "{7B7C7DC9-C15E-4B1E-923B-0AA2A5D875F6}"
EndProject
Global
	GlobalSection(SolutionConfigurationPlatforms) = preSolution
		Debug|Any CPU = Debug|Any CPU
		Release|Any CPU = Release|Any CPU
	EndGlobalSection
	GlobalSection(ProjectConfigurationPlatforms) = postSolution
		{7B7C7DC9-C15E-4B1E-923B-0AA2A5D875F6}.Debug|Any CPU.ActiveCfg = Debug|Any CPU
		{7B7C7DC9-C15E-4B1E-923B-0AA2A5D875F6}.Debug|Any CPU.Build.0 = Debug|Any CPU
		{7B7C7DC9-C15E-4B1E-923B-0AA2A5D875F6}.Release|Any CPU.ActiveCfg = Release|Any CPU
		{7B7C7DC9-C15E-4B1E-923B-0AA2A5D875F6}.Release|Any CPU.Build.0 = Release|Any CPU
	EndGlobalSection
	GlobalSection(SolutionProperties) = preSolution
		HideSolutionNode = FALSE
	EndGlobalSection
	GlobalSection(ExtensibilityGlobals) = postSolution
		SolutionGuid = {FD5BFC0F-B8C1-46BD-923B-4B7670297DE7}
	EndGlobalSection
EndGlobal
